
Microsoft Visual Studio Solution File, Format Version 12.00
# Visual Studio Version 17
VisualStudioVersion = 17.12.35527.113 d17.12
MinimumVisualStudioVersion = 10.0.40219.1
Project("{FAE04EC0-301F-11D3-BF4B-00C04F79EFBC}") = "IEscolaEntity", "IEscolaEntity\IEscolaEntity.csproj", "{F444F157-E72F-40CC-95F4-82AB52727701}"
EndProject
Project("{FAE04EC0-301F-11D3-BF4B-00C04F79EFBC}") = "IEscolaDesktop", "IEscolaDesktop\IEscolaDesktop.csproj", "{6AC0DAFD-0FEE-478E-9F14-06013FEA9875}"
EndProject
Global
	GlobalSection(SolutionConfigurationPlatforms) = preSolution
		Debug|Any CPU = Debug|Any CPU
		Release|Any CPU = Release|Any CPU
	EndGlobalSection
	GlobalSection(ProjectConfigurationPlatforms) = postSolution
		{F444F157-E72F-40CC-95F4-82AB52727701}.Debug|Any CPU.ActiveCfg = Debug|Any CPU
		{F444F157-E72F-40CC-95F4-82AB52727701}.Debug|Any CPU.Build.0 = Debug|Any CPU
		{F444F157-E72F-40CC-95F4-82AB52727701}.Release|Any CPU.ActiveCfg = Release|Any CPU
		{F444F157-E72F-40CC-95F4-82AB52727701}.Release|Any CPU.Build.0 = Release|Any CPU
		{6AC0DAFD-0FEE-478E-9F14-06013FEA9875}.Debug|Any CPU.ActiveCfg = Debug|Any CPU
		{6AC0DAFD-0FEE-478E-9F14-06013FEA9875}.Debug|Any CPU.Build.0 = Debug|Any CPU
		{6AC0DAFD-0FEE-478E-9F14-06013FEA9875}.Release|Any CPU.ActiveCfg = Release|Any CPU
		{6AC0DAFD-0FEE-478E-9F14-06013FEA9875}.Release|Any CPU.Build.0 = Release|Any CPU
	EndGlobalSection
	GlobalSection(SolutionProperties) = preSolution
		HideSolutionNode = FALSE
	EndGlobalSection
EndGlobal
